
Microsoft Visual Studio Solution File, Format Version 12.00
# Visual Studio Version 17
VisualStudioVersion = 17.10.35004.147
MinimumVisualStudioVersion = 10.0.40219.1
Project("{FAE04EC0-301F-11D3-BF4B-00C04F79EFBC}") = "UI", "UI\UI.csproj", "{858D3AE0-4038-46D4-BBA3-564837C74466}"
EndProject
Project("{FAE04EC0-301F-11D3-BF4B-00C04F79EFBC}") = "DAL", "DAL\DAL.csproj", "{C7F29B24-20FA-4D37-B816-60CDBDEF015D}"
EndProject
Project("{FAE04EC0-301F-11D3-BF4B-00C04F79EFBC}") = "Domain", "Domain\Domain.csproj", "{B975C58B-9181-43D2-9A15-C1E2C1F58F7A}"
EndProject
Project("{FAE04EC0-301F-11D3-BF4B-00C04F79EFBC}") = "BLL", "BLL\BLL.csproj", "{F5D33A24-F467-4735-A182-8140CBE6EA59}"
EndProject
Project("{FAE04EC0-301F-11D3-BF4B-00C04F79EFBC}") = "Servicios", "ArqBase\Servicios.csproj", "{0CD74AA9-83BE-4EEF-AD24-DC180AEF5C49}"
EndProject
Global
	GlobalSection(SolutionConfigurationPlatforms) = preSolution
		Debug|Any CPU = Debug|Any CPU
		Release|Any CPU = Release|Any CPU
	EndGlobalSection
	GlobalSection(ProjectConfigurationPlatforms) = postSolution
		{858D3AE0-4038-46D4-BBA3-564837C74466}.Debug|Any CPU.ActiveCfg = Debug|Any CPU
		{858D3AE0-4038-46D4-BBA3-564837C74466}.Debug|Any CPU.Build.0 = Debug|Any CPU
		{858D3AE0-4038-46D4-BBA3-564837C74466}.Release|Any CPU.ActiveCfg = Release|Any CPU
		{858D3AE0-4038-46D4-BBA3-564837C74466}.Release|Any CPU.Build.0 = Release|Any CPU
		{C7F29B24-20FA-4D37-B816-60CDBDEF015D}.Debug|Any CPU.ActiveCfg = Debug|Any CPU
		{C7F29B24-20FA-4D37-B816-60CDBDEF015D}.Debug|Any CPU.Build.0 = Debug|Any CPU
		{C7F29B24-20FA-4D37-B816-60CDBDEF015D}.Release|Any CPU.ActiveCfg = Release|Any CPU
		{C7F29B24-20FA-4D37-B816-60CDBDEF015D}.Release|Any CPU.Build.0 = Release|Any CPU
		{B975C58B-9181-43D2-9A15-C1E2C1F58F7A}.Debug|Any CPU.ActiveCfg = Debug|Any CPU
		{B975C58B-9181-43D2-9A15-C1E2C1F58F7A}.Debug|Any CPU.Build.0 = Debug|Any CPU
		{B975C58B-9181-43D2-9A15-C1E2C1F58F7A}.Release|Any CPU.ActiveCfg = Release|Any CPU
		{B975C58B-9181-43D2-9A15-C1E2C1F58F7A}.Release|Any CPU.Build.0 = Release|Any CPU
		{F5D33A24-F467-4735-A182-8140CBE6EA59}.Debug|Any CPU.ActiveCfg = Debug|Any CPU
		{F5D33A24-F467-4735-A182-8140CBE6EA59}.Debug|Any CPU.Build.0 = Debug|Any CPU
		{F5D33A24-F467-4735-A182-8140CBE6EA59}.Release|Any CPU.ActiveCfg = Release|Any CPU
		{F5D33A24-F467-4735-A182-8140CBE6EA59}.Release|Any CPU.Build.0 = Release|Any CPU
		{0CD74AA9-83BE-4EEF-AD24-DC180AEF5C49}.Debug|Any CPU.ActiveCfg = Debug|Any CPU
		{0CD74AA9-83BE-4EEF-AD24-DC180AEF5C49}.Debug|Any CPU.Build.0 = Debug|Any CPU
		{0CD74AA9-83BE-4EEF-AD24-DC180AEF5C49}.Release|Any CPU.ActiveCfg = Release|Any CPU
		{0CD74AA9-83BE-4EEF-AD24-DC180AEF5C49}.Release|Any CPU.Build.0 = Release|Any CPU
	EndGlobalSection
	GlobalSection(SolutionProperties) = preSolution
		HideSolutionNode = FALSE
	EndGlobalSection
	GlobalSection(ExtensibilityGlobals) = postSolution
		SolutionGuid = {6B53E442-1306-4961-8621-5900F5035F57}
	EndGlobalSection
EndGlobal
